
Microsoft Visual Studio Solution File, Format Version 12.00
# Visual Studio Version 17
VisualStudioVersion = 17.0.31903.59
MinimumVisualStudioVersion = 10.0.40219.1
Project("{2150E333-8FDC-42A3-9474-1A3956D46DE8}") = "src", "src", "{827E0CD3-B72D-47B6-A68D-7590B98EB39B}"
EndProject
Project("{FAE04EC0-301F-11D3-BF4B-00C04F79EFBC}") = "ChatApp.Web", "src\ChatApp.Web\ChatApp.Web.csproj", "{8B171D1F-A27F-450B-A960-844A2760FE05}"
EndProject
Project("{FAE04EC0-301F-11D3-BF4B-00C04F79EFBC}") = "ChatApp.Domain", "src\ChatApp.Domain\ChatApp.Domain.csproj", "{9EF55C92-170F-4F57-AFAB-AA921233D5C3}"
EndProject
Project("{FAE04EC0-301F-11D3-BF4B-00C04F79EFBC}") = "ChatApp.Application", "src\ChatApp.Application\ChatApp.Application.csproj", "{2F13F120-370A-4485-8A3E-6981BCC6DD87}"
EndProject
Project("{FAE04EC0-301F-11D3-BF4B-00C04F79EFBC}") = "ChatApp.Infrastructure", "src\ChatApp.Infrastructure\ChatApp.Infrastructure.csproj", "{6148D3FB-F7C3-419F-A028-CE75FEB22D80}"
EndProject
Project("{FAE04EC0-301F-11D3-BF4B-00C04F79EFBC}") = "ChatApp.Contracts", "src\ChatApp.Contracts\ChatApp.Contracts.csproj", "{42A9C129-278A-4E5B-8070-7CE0DC2589E3}"
EndProject
Global
	GlobalSection(SolutionConfigurationPlatforms) = preSolution
		Debug|Any CPU = Debug|Any CPU
		Debug|x64 = Debug|x64
		Debug|x86 = Debug|x86
		Release|Any CPU = Release|Any CPU
		Release|x64 = Release|x64
		Release|x86 = Release|x86
	EndGlobalSection
	GlobalSection(ProjectConfigurationPlatforms) = postSolution
		{8B171D1F-A27F-450B-A960-844A2760FE05}.Debug|Any CPU.ActiveCfg = Debug|Any CPU
		{8B171D1F-A27F-450B-A960-844A2760FE05}.Debug|Any CPU.Build.0 = Debug|Any CPU
		{8B171D1F-A27F-450B-A960-844A2760FE05}.Debug|x64.ActiveCfg = Debug|Any CPU
		{8B171D1F-A27F-450B-A960-844A2760FE05}.Debug|x64.Build.0 = Debug|Any CPU
		{8B171D1F-A27F-450B-A960-844A2760FE05}.Debug|x86.ActiveCfg = Debug|Any CPU
		{8B171D1F-A27F-450B-A960-844A2760FE05}.Debug|x86.Build.0 = Debug|Any CPU
		{8B171D1F-A27F-450B-A960-844A2760FE05}.Release|Any CPU.ActiveCfg = Release|Any CPU
		{8B171D1F-A27F-450B-A960-844A2760FE05}.Release|Any CPU.Build.0 = Release|Any CPU
		{8B171D1F-A27F-450B-A960-844A2760FE05}.Release|x64.ActiveCfg = Release|Any CPU
		{8B171D1F-A27F-450B-A960-844A2760FE05}.Release|x64.Build.0 = Release|Any CPU
		{8B171D1F-A27F-450B-A960-844A2760FE05}.Release|x86.ActiveCfg = Release|Any CPU
		{8B171D1F-A27F-450B-A960-844A2760FE05}.Release|x86.Build.0 = Release|Any CPU
		{9EF55C92-170F-4F57-AFAB-AA921233D5C3}.Debug|Any CPU.ActiveCfg = Debug|Any CPU
		{9EF55C92-170F-4F57-AFAB-AA921233D5C3}.Debug|Any CPU.Build.0 = Debug|Any CPU
		{9EF55C92-170F-4F57-AFAB-AA921233D5C3}.Debug|x64.ActiveCfg = Debug|Any CPU
		{9EF55C92-170F-4F57-AFAB-AA921233D5C3}.Debug|x64.Build.0 = Debug|Any CPU
		{9EF55C92-170F-4F57-AFAB-AA921233D5C3}.Debug|x86.ActiveCfg = Debug|Any CPU
		{9EF55C92-170F-4F57-AFAB-AA921233D5C3}.Debug|x86.Build.0 = Debug|Any CPU
		{9EF55C92-170F-4F57-AFAB-AA921233D5C3}.Release|Any CPU.ActiveCfg = Release|Any CPU
		{9EF55C92-170F-4F57-AFAB-AA921233D5C3}.Release|Any CPU.Build.0 = Release|Any CPU
		{9EF55C92-170F-4F57-AFAB-AA921233D5C3}.Release|x64.ActiveCfg = Release|Any CPU
		{9EF55C92-170F-4F57-AFAB-AA921233D5C3}.Release|x64.Build.0 = Release|Any CPU
		{9EF55C92-170F-4F57-AFAB-AA921233D5C3}.Release|x86.ActiveCfg = Release|Any CPU
		{9EF55C92-170F-4F57-AFAB-AA921233D5C3}.Release|x86.Build.0 = Release|Any CPU
		{2F13F120-370A-4485-8A3E-6981BCC6DD87}.Debug|Any CPU.ActiveCfg = Debug|Any CPU
		{2F13F120-370A-4485-8A3E-6981BCC6DD87}.Debug|Any CPU.Build.0 = Debug|Any CPU
		{2F13F120-370A-4485-8A3E-6981BCC6DD87}.Debug|x64.ActiveCfg = Debug|Any CPU
		{2F13F120-370A-4485-8A3E-6981BCC6DD87}.Debug|x64.Build.0 = Debug|Any CPU
		{2F13F120-370A-4485-8A3E-6981BCC6DD87}.Debug|x86.ActiveCfg = Debug|Any CPU
		{2F13F120-370A-4485-8A3E-6981BCC6DD87}.Debug|x86.Build.0 = Debug|Any CPU
		{2F13F120-370A-4485-8A3E-6981BCC6DD87}.Release|Any CPU.ActiveCfg = Release|Any CPU
		{2F13F120-370A-4485-8A3E-6981BCC6DD87}.Release|Any CPU.Build.0 = Release|Any CPU
		{2F13F120-370A-4485-8A3E-6981BCC6DD87}.Release|x64.ActiveCfg = Release|Any CPU
		{2F13F120-370A-4485-8A3E-6981BCC6DD87}.Release|x64.Build.0 = Release|Any CPU
		{2F13F120-370A-4485-8A3E-6981BCC6DD87}.Release|x86.ActiveCfg = Release|Any CPU
		{2F13F120-370A-4485-8A3E-6981BCC6DD87}.Release|x86.Build.0 = Release|Any CPU
		{6148D3FB-F7C3-419F-A028-CE75FEB22D80}.Debug|Any CPU.ActiveCfg = Debug|Any CPU
		{6148D3FB-F7C3-419F-A028-CE75FEB22D80}.Debug|Any CPU.Build.0 = Debug|Any CPU
		{6148D3FB-F7C3-419F-A028-CE75FEB22D80}.Debug|x64.ActiveCfg = Debug|Any CPU
		{6148D3FB-F7C3-419F-A028-CE75FEB22D80}.Debug|x64.Build.0 = Debug|Any CPU
		{6148D3FB-F7C3-419F-A028-CE75FEB22D80}.Debug|x86.ActiveCfg = Debug|Any CPU
		{6148D3FB-F7C3-419F-A028-CE75FEB22D80}.Debug|x86.Build.0 = Debug|Any CPU
		{6148D3FB-F7C3-419F-A028-CE75FEB22D80}.Release|Any CPU.ActiveCfg = Release|Any CPU
		{6148D3FB-F7C3-419F-A028-CE75FEB22D80}.Release|Any CPU.Build.0 = Release|Any CPU
		{6148D3FB-F7C3-419F-A028-CE75FEB22D80}.Release|x64.ActiveCfg = Release|Any CPU
		{6148D3FB-F7C3-419F-A028-CE75FEB22D80}.Release|x64.Build.0 = Release|Any CPU
		{6148D3FB-F7C3-419F-A028-CE75FEB22D80}.Release|x86.ActiveCfg = Release|Any CPU
		{6148D3FB-F7C3-419F-A028-CE75FEB22D80}.Release|x86.Build.0 = Release|Any CPU
		{42A9C129-278A-4E5B-8070-7CE0DC2589E3}.Debug|Any CPU.ActiveCfg = Debug|Any CPU
		{42A9C129-278A-4E5B-8070-7CE0DC2589E3}.Debug|Any CPU.Build.0 = Debug|Any CPU
		{42A9C129-278A-4E5B-8070-7CE0DC2589E3}.Debug|x64.ActiveCfg = Debug|Any CPU
		{42A9C129-278A-4E5B-8070-7CE0DC2589E3}.Debug|x64.Build.0 = Debug|Any CPU
		{42A9C129-278A-4E5B-8070-7CE0DC2589E3}.Debug|x86.ActiveCfg = Debug|Any CPU
		{42A9C129-278A-4E5B-8070-7CE0DC2589E3}.Debug|x86.Build.0 = Debug|Any CPU
		{42A9C129-278A-4E5B-8070-7CE0DC2589E3}.Release|Any CPU.ActiveCfg = Release|Any CPU
		{42A9C129-278A-4E5B-8070-7CE0DC2589E3}.Release|Any CPU.Build.0 = Release|Any CPU
		{42A9C129-278A-4E5B-8070-7CE0DC2589E3}.Release|x64.ActiveCfg = Release|Any CPU
		{42A9C129-278A-4E5B-8070-7CE0DC2589E3}.Release|x64.Build.0 = Release|Any CPU
		{42A9C129-278A-4E5B-8070-7CE0DC2589E3}.Release|x86.ActiveCfg = Release|Any CPU
		{42A9C129-278A-4E5B-8070-7CE0DC2589E3}.Release|x86.Build.0 = Release|Any CPU
	EndGlobalSection
	GlobalSection(SolutionProperties) = preSolution
		HideSolutionNode = FALSE
	EndGlobalSection
	GlobalSection(NestedProjects) = preSolution
		{8B171D1F-A27F-450B-A960-844A2760FE05} = {827E0CD3-B72D-47B6-A68D-7590B98EB39B}
		{9EF55C92-170F-4F57-AFAB-AA921233D5C3} = {827E0CD3-B72D-47B6-A68D-7590B98EB39B}
		{2F13F120-370A-4485-8A3E-6981BCC6DD87} = {827E0CD3-B72D-47B6-A68D-7590B98EB39B}
		{6148D3FB-F7C3-419F-A028-CE75FEB22D80} = {827E0CD3-B72D-47B6-A68D-7590B98EB39B}
		{42A9C129-278A-4E5B-8070-7CE0DC2589E3} = {827E0CD3-B72D-47B6-A68D-7590B98EB39B}
	EndGlobalSection
EndGlobal
